# Generated by move; do not edit
# This file should be checked in.

[move]
version = 4

[pinned.testnet.Mock_Token]
source = { local = "MockToken" }
use_environment = "testnet"
manifest_digest = "6DBCE1750F50384B3D589C6A67BA95D6F9069745B39F3AEF2E79917221EA3A0E"
deps = { StarcoinFramework = "StarcoinFramework", std = "MoveStdlib", sui = "Sui" }

[pinned.testnet.MoveStdlib]
source = { git = "https://github.com/MystenLabs/sui.git", subdir = "crates/sui-framework/packages/move-stdlib", rev = "b38bca86f0323b3fe8b6b7f4ca0cd7ae7faebe4b" }
use_environment = "testnet"
manifest_digest = "C4FE4C91DE74CBF223B2E380AE40F592177D21870DC2D7EB6227D2D694E05363"
deps = {}

[pinned.testnet.Poly_STC_Bridge]
source = { git = "https://github.com/Elements-Studio/poly-stc-contracts.git", subdir = ".", rev = "eb538376a3a0c619dc6b6e0a0262af5face95b30" }
use_environment = "testnet"
manifest_digest = "6DBCE1750F50384B3D589C6A67BA95D6F9069745B39F3AEF2E79917221EA3A0E"
deps = { StarcoinFramework = "StarcoinFramework", std = "MoveStdlib", sui = "Sui" }

[pinned.testnet.StarcoinFramework]
source = { git = "https://github.com/starcoinorg/starcoin-framework.git", subdir = ".", rev = "345a3900a0064dc57a9560235bc72c12f03448b1" }
use_environment = "testnet"
manifest_digest = "446EA296B67CC09F46BC79BF7C8416A69EEE0B4251330901F916B79EDA2CD654"
deps = { UnitTest = "UnitTest", std = "MoveStdlib", sui = "Sui" }

[pinned.testnet.Starswap_Core]
source = { root = true }
use_environment = "testnet"
manifest_digest = "6BA4D448A0307AF35AA21EA4214EED33CA8097BDA3A9F33AB3CFB88839B92E6D"
deps = { Mock_Token = "Mock_Token", Poly_STC_Bridge = "Poly_STC_Bridge", StarcoinFramework = "StarcoinFramework", std = "MoveStdlib", sui = "Sui" }

[pinned.testnet.Sui]
source = { git = "https://github.com/MystenLabs/sui.git", subdir = "crates/sui-framework/packages/sui-framework", rev = "b38bca86f0323b3fe8b6b7f4ca0cd7ae7faebe4b" }
use_environment = "testnet"
manifest_digest = "7AFB66695545775FBFBB2D3078ADFD084244D5002392E837FDE21D9EA1C6D01C"
deps = { MoveStdlib = "MoveStdlib" }

[pinned.testnet.UnitTest]
source = { git = "https://github.com/starcoinorg/starcoin-framework.git", subdir = "unit-test", rev = "345a3900a0064dc57a9560235bc72c12f03448b1" }
use_environment = "testnet"
manifest_digest = "C4FE4C91DE74CBF223B2E380AE40F592177D21870DC2D7EB6227D2D694E05363"
deps = {}
